
Microsoft Visual Studio Solution File, Format Version 12.00
# Visual Studio Version 16
VisualStudioVersion = 16.0.30002.166
MinimumVisualStudioVersion = 10.0.40219.1
Project("{FAE04EC0-301F-11D3-BF4B-00C04F79EFBC}") = "BlazorApp1", "BlazorApp1\BlazorApp1.csproj", "{55654340-E18B-4B60-A847-C98F848D23FC}"
EndProject
Global
	GlobalSection(SolutionConfigurationPlatforms) = preSolution
		Debug|Any CPU = Debug|Any CPU
		Release|Any CPU = Release|Any CPU
	EndGlobalSection
	GlobalSection(ProjectConfigurationPlatforms) = postSolution
		{55654340-E18B-4B60-A847-C98F848D23FC}.Debug|Any CPU.ActiveCfg = Debug|Any CPU
		{55654340-E18B-4B60-A847-C98F848D23FC}.Debug|Any CPU.Build.0 = Debug|Any CPU
		{55654340-E18B-4B60-A847-C98F848D23FC}.Release|Any CPU.ActiveCfg = Release|Any CPU
		{55654340-E18B-4B60-A847-C98F848D23FC}.Release|Any CPU.Build.0 = Release|Any CPU
	EndGlobalSection
	GlobalSection(SolutionProperties) = preSolution
		HideSolutionNode = FALSE
	EndGlobalSection
	GlobalSection(ExtensibilityGlobals) = postSolution
		SolutionGuid = {B15917F9-7C96-4C4B-B824-7B3FDA789FBA}
	EndGlobalSection
EndGlobal
